
Microsoft Visual Studio Solution File, Format Version 12.00
# Visual Studio Version 16
VisualStudioVersion = 16.0.30717.126
MinimumVisualStudioVersion = 10.0.40219.1
Project("{FAE04EC0-301F-11D3-BF4B-00C04F79EFBC}") = "ProjectShowcaseWebsite", "ProjectShowcaseWebsite\ProjectShowcaseWebsite.csproj", "{B3C2AF3E-E097-477B-817F-87E3ACBB2AAD}"
EndProject
Global
	GlobalSection(SolutionConfigurationPlatforms) = preSolution
		Debug|Any CPU = Debug|Any CPU
		Release|Any CPU = Release|Any CPU
	EndGlobalSection
	GlobalSection(ProjectConfigurationPlatforms) = postSolution
		{B3C2AF3E-E097-477B-817F-87E3ACBB2AAD}.Debug|Any CPU.ActiveCfg = Debug|Any CPU
		{B3C2AF3E-E097-477B-817F-87E3ACBB2AAD}.Debug|Any CPU.Build.0 = Debug|Any CPU
		{B3C2AF3E-E097-477B-817F-87E3ACBB2AAD}.Release|Any CPU.ActiveCfg = Release|Any CPU
		{B3C2AF3E-E097-477B-817F-87E3ACBB2AAD}.Release|Any CPU.Build.0 = Release|Any CPU
	EndGlobalSection
	GlobalSection(SolutionProperties) = preSolution
		HideSolutionNode = FALSE
	EndGlobalSection
	GlobalSection(ExtensibilityGlobals) = postSolution
		SolutionGuid = {14072473-40BD-41EF-A129-94288538915D}
	EndGlobalSection
EndGlobal
